{
  "nodes": {
    "nixpkgs": {
      "locked": {
        "lastModified": 1669976881,
        "narHash": "sha256-Hu2QwEsBM4HHTn7jxa2OD1M0Jv3pjOqPL5Koi7CkO9s=",
        "owner": "nixos",
        "repo": "nixpkgs",
        "rev": "4f5b8519ec7273e6a57cea2983d117b80558f2b5",
        "type": "github"
      },
      "original": {
        "owner": "nixos",
        "ref": "release-22.11",
        "repo": "nixpkgs",
        "type": "github"
      }
    },
    "root": {
      "inputs": {
        "nixpkgs": "nixpkgs"
      }
    }
  },
  "root": "root",
  "version": 7
}
